PODS:
  - Flutter (1.0.0)
  - speech_to_text_plugins (0.0.1):
    - Flutter

DEPENDENCIES:
  - Flutter (from `Flutter`)
  - speech_to_text_plugins (from `.symlinks/plugins/speech_to_text_plugins/ios`)

EXTERNAL SOURCES:
  Flutter:
    :path: Flutter
  speech_to_text_plugins:
    :path: ".symlinks/plugins/speech_to_text_plugins/ios"

SPEC CHECKSUMS:
  Flutter: 0e3d915762c693b495b44d77113d4970485de6ec
  speech_to_text_plugins: 1043c97eba84b983085aa4c535f53f8e5aad55f6

PODFILE CHECKSUM: c34e2287a9ccaa606aeceab922830efb9a6ff69a

COCOAPODS: 1.9.1
