PODS:
  - Flutter (1.0.0)
  - speech_to_text_plugins (0.0.1):
    - Flutter

DEPENDENCIES:
  - Flutter (from `.symlinks/flutter/ios`)
  - speech_to_text_plugins (from `.symlinks/plugins/speech_to_text_plugins/ios`)

EXTERNAL SOURCES:
  Flutter:
    :path: ".symlinks/flutter/ios"
  speech_to_text_plugins:
    :path: ".symlinks/plugins/speech_to_text_plugins/ios"

SPEC CHECKSUMS:
  Flutter: 0e3d915762c693b495b44d77113d4970485de6ec
  speech_to_text_plugins: 1043c97eba84b983085aa4c535f53f8e5aad55f6

PODFILE CHECKSUM: b6a0a141693093b304368d08511b46cf3d1d0ac5

COCOAPODS: 1.8.3
